
Microsoft Visual Studio Solution File, Format Version 12.00
# Visual Studio Version 16
VisualStudioVersion = 16.0.30114.105
MinimumVisualStudioVersion = 10.0.40219.1
Project("{2150E333-8FDC-42A3-9474-1A3956D46DE8}") = "01 Singleton", "01 Singleton", "{06EA2040-5229-4616-A929-83C5D7DFD827}"
EndProject
Project("{9A19103F-16F7-4668-BE54-9A1E7A4F7556}") = "DemoSingleton", "DemoSingleton\DemoSingleton.csproj", "{594E4178-0478-44BC-BE3E-A7506B6D46B3}"
EndProject
Project("{2150E333-8FDC-42A3-9474-1A3956D46DE8}") = "02 Locator", "02 Locator", "{C3B24EC9-B1CC-47D6-87D4-5E2E6CE5B299}"
EndProject
Project("{2150E333-8FDC-42A3-9474-1A3956D46DE8}") = "03 InversionOfControl (IOC)", "03 InversionOfControl (IOC)", "{AEB04A33-C9BA-42D2-9F11-88C7BB3C3A3F}"
EndProject
Project("{2150E333-8FDC-42A3-9474-1A3956D46DE8}") = "04 DependencyInjection", "04 DependencyInjection", "{B16C1A3F-45F5-4D8D-9A8A-F6FF40DDF14B}"
EndProject
Project("{2150E333-8FDC-42A3-9474-1A3956D46DE8}") = "05 Microsoft.Extensions.DependencyInjection", "05 Microsoft.Extensions.DependencyInjection", "{DF247488-F6CC-4727-9E7B-9C30C42E0EA5}"
EndProject
Project("{9A19103F-16F7-4668-BE54-9A1E7A4F7556}") = "DemoSingleton.Models", "DemoSingleton.Models\DemoSingleton.Models.csproj", "{5DE6B816-DF83-48B8-993F-B6331F694042}"
EndProject
Project("{9A19103F-16F7-4668-BE54-9A1E7A4F7556}") = "DemoLocator", "DemoLocator\DemoLocator.csproj", "{75304A6A-0785-449B-B692-0EA6090D0864}"
EndProject
Project("{9A19103F-16F7-4668-BE54-9A1E7A4F7556}") = "DemoLocator.Models", "DemoLocator.Models\DemoLocator.Models.csproj", "{58F790B7-301C-4056-B005-B6174F498F7F}"
EndProject
Project("{9A19103F-16F7-4668-BE54-9A1E7A4F7556}") = "DemoIOC", "DemoIOC\DemoIOC.csproj", "{6BB2AAF9-25D1-4EC4-A9C1-88A5B15E6064}"
EndProject
Project("{9A19103F-16F7-4668-BE54-9A1E7A4F7556}") = "DemoIOC.Models", "DemoIOC.Models\DemoIOC.Models.csproj", "{0E44A043-F926-4072-9034-73C1366164FF}"
EndProject
Project("{9A19103F-16F7-4668-BE54-9A1E7A4F7556}") = "DemoIOC.Tools", "DemoIOC.Tools\DemoIOC.Tools.csproj", "{4176772D-E51D-4330-8F4E-748F64D02B0D}"
EndProject
Project("{9A19103F-16F7-4668-BE54-9A1E7A4F7556}") = "DemoDependencyInjection", "DemoDependencyInjection\DemoDependencyInjection.csproj", "{16F0A2B9-9AE8-4381-8BA3-EE8207328BA1}"
EndProject
Project("{9A19103F-16F7-4668-BE54-9A1E7A4F7556}") = "DemoDependencyInjection.Models", "DemoDependencyInjection.Models\DemoDependencyInjection.Models.csproj", "{7DB9DB45-01F9-48E9-AD8D-21A441597DB7}"
EndProject
Project("{9A19103F-16F7-4668-BE54-9A1E7A4F7556}") = "DemoDependencyInjection.Tools", "DemoDependencyInjection.Tools\DemoDependencyInjection.Tools.csproj", "{696BE53E-9DF6-49EC-8271-DABBF6AA2093}"
EndProject
Project("{9A19103F-16F7-4668-BE54-9A1E7A4F7556}") = "DemoMicrosoft", "DemoMicrosoft\DemoMicrosoft.csproj", "{89D986C3-0ABD-4D08-BF85-B795EAB575DF}"
EndProject
Project("{9A19103F-16F7-4668-BE54-9A1E7A4F7556}") = "DemoMicrosoft.Models", "DemoMicrosoft.Models\DemoMicrosoft.Models.csproj", "{178DBE19-6145-44CC-8086-88E040583461}"
EndProject
Project("{9A19103F-16F7-4668-BE54-9A1E7A4F7556}") = "DemoMicrosoft.Tools", "DemoMicrosoft.Tools\DemoMicrosoft.Tools.csproj", "{92A77FBA-CD02-4239-A0A5-30649F720C53}"
EndProject
Project("{2150E333-8FDC-42A3-9474-1A3956D46DE8}") = "06 FinalDemo", "06 FinalDemo", "{102A426C-EB79-4034-8040-493E57C98FC9}"
EndProject
Project("{FAE04EC0-301F-11D3-BF4B-00C04F79EFBC}") = "FinalDemo", "FinalDemo\FinalDemo.csproj", "{0E637535-CA05-45E2-80A3-71B65CB68228}"
EndProject
Global
	GlobalSection(SolutionConfigurationPlatforms) = preSolution
		Debug|Any CPU = Debug|Any CPU
		Debug|x64 = Debug|x64
		Debug|x86 = Debug|x86
		Release|Any CPU = Release|Any CPU
		Release|x64 = Release|x64
		Release|x86 = Release|x86
	EndGlobalSection
	GlobalSection(ProjectConfigurationPlatforms) = postSolution
		{594E4178-0478-44BC-BE3E-A7506B6D46B3}.Debug|Any CPU.ActiveCfg = Debug|Any CPU
		{594E4178-0478-44BC-BE3E-A7506B6D46B3}.Debug|Any CPU.Build.0 = Debug|Any CPU
		{594E4178-0478-44BC-BE3E-A7506B6D46B3}.Debug|x64.ActiveCfg = Debug|Any CPU
		{594E4178-0478-44BC-BE3E-A7506B6D46B3}.Debug|x64.Build.0 = Debug|Any CPU
		{594E4178-0478-44BC-BE3E-A7506B6D46B3}.Debug|x86.ActiveCfg = Debug|Any CPU
		{594E4178-0478-44BC-BE3E-A7506B6D46B3}.Debug|x86.Build.0 = Debug|Any CPU
		{594E4178-0478-44BC-BE3E-A7506B6D46B3}.Release|Any CPU.ActiveCfg = Release|Any CPU
		{594E4178-0478-44BC-BE3E-A7506B6D46B3}.Release|Any CPU.Build.0 = Release|Any CPU
		{594E4178-0478-44BC-BE3E-A7506B6D46B3}.Release|x64.ActiveCfg = Release|Any CPU
		{594E4178-0478-44BC-BE3E-A7506B6D46B3}.Release|x64.Build.0 = Release|Any CPU
		{594E4178-0478-44BC-BE3E-A7506B6D46B3}.Release|x86.ActiveCfg = Release|Any CPU
		{594E4178-0478-44BC-BE3E-A7506B6D46B3}.Release|x86.Build.0 = Release|Any CPU
		{5DE6B816-DF83-48B8-993F-B6331F694042}.Debug|Any CPU.ActiveCfg = Debug|Any CPU
		{5DE6B816-DF83-48B8-993F-B6331F694042}.Debug|Any CPU.Build.0 = Debug|Any CPU
		{5DE6B816-DF83-48B8-993F-B6331F694042}.Debug|x64.ActiveCfg = Debug|Any CPU
		{5DE6B816-DF83-48B8-993F-B6331F694042}.Debug|x64.Build.0 = Debug|Any CPU
		{5DE6B816-DF83-48B8-993F-B6331F694042}.Debug|x86.ActiveCfg = Debug|Any CPU
		{5DE6B816-DF83-48B8-993F-B6331F694042}.Debug|x86.Build.0 = Debug|Any CPU
		{5DE6B816-DF83-48B8-993F-B6331F694042}.Release|Any CPU.ActiveCfg = Release|Any CPU
		{5DE6B816-DF83-48B8-993F-B6331F694042}.Release|Any CPU.Build.0 = Release|Any CPU
		{5DE6B816-DF83-48B8-993F-B6331F694042}.Release|x64.ActiveCfg = Release|Any CPU
		{5DE6B816-DF83-48B8-993F-B6331F694042}.Release|x64.Build.0 = Release|Any CPU
		{5DE6B816-DF83-48B8-993F-B6331F694042}.Release|x86.ActiveCfg = Release|Any CPU
		{5DE6B816-DF83-48B8-993F-B6331F694042}.Release|x86.Build.0 = Release|Any CPU
		{75304A6A-0785-449B-B692-0EA6090D0864}.Debug|Any CPU.ActiveCfg = Debug|Any CPU
		{75304A6A-0785-449B-B692-0EA6090D0864}.Debug|Any CPU.Build.0 = Debug|Any CPU
		{75304A6A-0785-449B-B692-0EA6090D0864}.Debug|x64.ActiveCfg = Debug|Any CPU
		{75304A6A-0785-449B-B692-0EA6090D0864}.Debug|x64.Build.0 = Debug|Any CPU
		{75304A6A-0785-449B-B692-0EA6090D0864}.Debug|x86.ActiveCfg = Debug|Any CPU
		{75304A6A-0785-449B-B692-0EA6090D0864}.Debug|x86.Build.0 = Debug|Any CPU
		{75304A6A-0785-449B-B692-0EA6090D0864}.Release|Any CPU.ActiveCfg = Release|Any CPU
		{75304A6A-0785-449B-B692-0EA6090D0864}.Release|Any CPU.Build.0 = Release|Any CPU
		{75304A6A-0785-449B-B692-0EA6090D0864}.Release|x64.ActiveCfg = Release|Any CPU
		{75304A6A-0785-449B-B692-0EA6090D0864}.Release|x64.Build.0 = Release|Any CPU
		{75304A6A-0785-449B-B692-0EA6090D0864}.Release|x86.ActiveCfg = Release|Any CPU
		{75304A6A-0785-449B-B692-0EA6090D0864}.Release|x86.Build.0 = Release|Any CPU
		{58F790B7-301C-4056-B005-B6174F498F7F}.Debug|Any CPU.ActiveCfg = Debug|Any CPU
		{58F790B7-301C-4056-B005-B6174F498F7F}.Debug|Any CPU.Build.0 = Debug|Any CPU
		{58F790B7-301C-4056-B005-B6174F498F7F}.Debug|x64.ActiveCfg = Debug|Any CPU
		{58F790B7-301C-4056-B005-B6174F498F7F}.Debug|x64.Build.0 = Debug|Any CPU
		{58F790B7-301C-4056-B005-B6174F498F7F}.Debug|x86.ActiveCfg = Debug|Any CPU
		{58F790B7-301C-4056-B005-B6174F498F7F}.Debug|x86.Build.0 = Debug|Any CPU
		{58F790B7-301C-4056-B005-B6174F498F7F}.Release|Any CPU.ActiveCfg = Release|Any CPU
		{58F790B7-301C-4056-B005-B6174F498F7F}.Release|Any CPU.Build.0 = Release|Any CPU
		{58F790B7-301C-4056-B005-B6174F498F7F}.Release|x64.ActiveCfg = Release|Any CPU
		{58F790B7-301C-4056-B005-B6174F498F7F}.Release|x64.Build.0 = Release|Any CPU
		{58F790B7-301C-4056-B005-B6174F498F7F}.Release|x86.ActiveCfg = Release|Any CPU
		{58F790B7-301C-4056-B005-B6174F498F7F}.Release|x86.Build.0 = Release|Any CPU
		{6BB2AAF9-25D1-4EC4-A9C1-88A5B15E6064}.Debug|Any CPU.ActiveCfg = Debug|Any CPU
		{6BB2AAF9-25D1-4EC4-A9C1-88A5B15E6064}.Debug|Any CPU.Build.0 = Debug|Any CPU
		{6BB2AAF9-25D1-4EC4-A9C1-88A5B15E6064}.Debug|x64.ActiveCfg = Debug|Any CPU
		{6BB2AAF9-25D1-4EC4-A9C1-88A5B15E6064}.Debug|x64.Build.0 = Debug|Any CPU
		{6BB2AAF9-25D1-4EC4-A9C1-88A5B15E6064}.Debug|x86.ActiveCfg = Debug|Any CPU
		{6BB2AAF9-25D1-4EC4-A9C1-88A5B15E6064}.Debug|x86.Build.0 = Debug|Any CPU
		{6BB2AAF9-25D1-4EC4-A9C1-88A5B15E6064}.Release|Any CPU.ActiveCfg = Release|Any CPU
		{6BB2AAF9-25D1-4EC4-A9C1-88A5B15E6064}.Release|Any CPU.Build.0 = Release|Any CPU
		{6BB2AAF9-25D1-4EC4-A9C1-88A5B15E6064}.Release|x64.ActiveCfg = Release|Any CPU
		{6BB2AAF9-25D1-4EC4-A9C1-88A5B15E6064}.Release|x64.Build.0 = Release|Any CPU
		{6BB2AAF9-25D1-4EC4-A9C1-88A5B15E6064}.Release|x86.ActiveCfg = Release|Any CPU
		{6BB2AAF9-25D1-4EC4-A9C1-88A5B15E6064}.Release|x86.Build.0 = Release|Any CPU
		{0E44A043-F926-4072-9034-73C1366164FF}.Debug|Any CPU.ActiveCfg = Debug|Any CPU
		{0E44A043-F926-4072-9034-73C1366164FF}.Debug|Any CPU.Build.0 = Debug|Any CPU
		{0E44A043-F926-4072-9034-73C1366164FF}.Debug|x64.ActiveCfg = Debug|Any CPU
		{0E44A043-F926-4072-9034-73C1366164FF}.Debug|x64.Build.0 = Debug|Any CPU
		{0E44A043-F926-4072-9034-73C1366164FF}.Debug|x86.ActiveCfg = Debug|Any CPU
		{0E44A043-F926-4072-9034-73C1366164FF}.Debug|x86.Build.0 = Debug|Any CPU
		{0E44A043-F926-4072-9034-73C1366164FF}.Release|Any CPU.ActiveCfg = Release|Any CPU
		{0E44A043-F926-4072-9034-73C1366164FF}.Release|Any CPU.Build.0 = Release|Any CPU
		{0E44A043-F926-4072-9034-73C1366164FF}.Release|x64.ActiveCfg = Release|Any CPU
		{0E44A043-F926-4072-9034-73C1366164FF}.Release|x64.Build.0 = Release|Any CPU
		{0E44A043-F926-4072-9034-73C1366164FF}.Release|x86.ActiveCfg = Release|Any CPU
		{0E44A043-F926-4072-9034-73C1366164FF}.Release|x86.Build.0 = Release|Any CPU
		{4176772D-E51D-4330-8F4E-748F64D02B0D}.Debug|Any CPU.ActiveCfg = Debug|Any CPU
		{4176772D-E51D-4330-8F4E-748F64D02B0D}.Debug|Any CPU.Build.0 = Debug|Any CPU
		{4176772D-E51D-4330-8F4E-748F64D02B0D}.Debug|x64.ActiveCfg = Debug|Any CPU
		{4176772D-E51D-4330-8F4E-748F64D02B0D}.Debug|x64.Build.0 = Debug|Any CPU
		{4176772D-E51D-4330-8F4E-748F64D02B0D}.Debug|x86.ActiveCfg = Debug|Any CPU
		{4176772D-E51D-4330-8F4E-748F64D02B0D}.Debug|x86.Build.0 = Debug|Any CPU
		{4176772D-E51D-4330-8F4E-748F64D02B0D}.Release|Any CPU.ActiveCfg = Release|Any CPU
		{4176772D-E51D-4330-8F4E-748F64D02B0D}.Release|Any CPU.Build.0 = Release|Any CPU
		{4176772D-E51D-4330-8F4E-748F64D02B0D}.Release|x64.ActiveCfg = Release|Any CPU
		{4176772D-E51D-4330-8F4E-748F64D02B0D}.Release|x64.Build.0 = Release|Any CPU
		{4176772D-E51D-4330-8F4E-748F64D02B0D}.Release|x86.ActiveCfg = Release|Any CPU
		{4176772D-E51D-4330-8F4E-748F64D02B0D}.Release|x86.Build.0 = Release|Any CPU
		{16F0A2B9-9AE8-4381-8BA3-EE8207328BA1}.Debug|Any CPU.ActiveCfg = Debug|Any CPU
		{16F0A2B9-9AE8-4381-8BA3-EE8207328BA1}.Debug|Any CPU.Build.0 = Debug|Any CPU
		{16F0A2B9-9AE8-4381-8BA3-EE8207328BA1}.Debug|x64.ActiveCfg = Debug|Any CPU
		{16F0A2B9-9AE8-4381-8BA3-EE8207328BA1}.Debug|x64.Build.0 = Debug|Any CPU
		{16F0A2B9-9AE8-4381-8BA3-EE8207328BA1}.Debug|x86.ActiveCfg = Debug|Any CPU
		{16F0A2B9-9AE8-4381-8BA3-EE8207328BA1}.Debug|x86.Build.0 = Debug|Any CPU
		{16F0A2B9-9AE8-4381-8BA3-EE8207328BA1}.Release|Any CPU.ActiveCfg = Release|Any CPU
		{16F0A2B9-9AE8-4381-8BA3-EE8207328BA1}.Release|Any CPU.Build.0 = Release|Any CPU
		{16F0A2B9-9AE8-4381-8BA3-EE8207328BA1}.Release|x64.ActiveCfg = Release|Any CPU
		{16F0A2B9-9AE8-4381-8BA3-EE8207328BA1}.Release|x64.Build.0 = Release|Any CPU
		{16F0A2B9-9AE8-4381-8BA3-EE8207328BA1}.Release|x86.ActiveCfg = Release|Any CPU
		{16F0A2B9-9AE8-4381-8BA3-EE8207328BA1}.Release|x86.Build.0 = Release|Any CPU
		{7DB9DB45-01F9-48E9-AD8D-21A441597DB7}.Debug|Any CPU.ActiveCfg = Debug|Any CPU
		{7DB9DB45-01F9-48E9-AD8D-21A441597DB7}.Debug|Any CPU.Build.0 = Debug|Any CPU
		{7DB9DB45-01F9-48E9-AD8D-21A441597DB7}.Debug|x64.ActiveCfg = Debug|Any CPU
		{7DB9DB45-01F9-48E9-AD8D-21A441597DB7}.Debug|x64.Build.0 = Debug|Any CPU
		{7DB9DB45-01F9-48E9-AD8D-21A441597DB7}.Debug|x86.ActiveCfg = Debug|Any CPU
		{7DB9DB45-01F9-48E9-AD8D-21A441597DB7}.Debug|x86.Build.0 = Debug|Any CPU
		{7DB9DB45-01F9-48E9-AD8D-21A441597DB7}.Release|Any CPU.ActiveCfg = Release|Any CPU
		{7DB9DB45-01F9-48E9-AD8D-21A441597DB7}.Release|Any CPU.Build.0 = Release|Any CPU
		{7DB9DB45-01F9-48E9-AD8D-21A441597DB7}.Release|x64.ActiveCfg = Release|Any CPU
		{7DB9DB45-01F9-48E9-AD8D-21A441597DB7}.Release|x64.Build.0 = Release|Any CPU
		{7DB9DB45-01F9-48E9-AD8D-21A441597DB7}.Release|x86.ActiveCfg = Release|Any CPU
		{7DB9DB45-01F9-48E9-AD8D-21A441597DB7}.Release|x86.Build.0 = Release|Any CPU
		{696BE53E-9DF6-49EC-8271-DABBF6AA2093}.Debug|Any CPU.ActiveCfg = Debug|Any CPU
		{696BE53E-9DF6-49EC-8271-DABBF6AA2093}.Debug|Any CPU.Build.0 = Debug|Any CPU
		{696BE53E-9DF6-49EC-8271-DABBF6AA2093}.Debug|x64.ActiveCfg = Debug|Any CPU
		{696BE53E-9DF6-49EC-8271-DABBF6AA2093}.Debug|x64.Build.0 = Debug|Any CPU
		{696BE53E-9DF6-49EC-8271-DABBF6AA2093}.Debug|x86.ActiveCfg = Debug|Any CPU
		{696BE53E-9DF6-49EC-8271-DABBF6AA2093}.Debug|x86.Build.0 = Debug|Any CPU
		{696BE53E-9DF6-49EC-8271-DABBF6AA2093}.Release|Any CPU.ActiveCfg = Release|Any CPU
		{696BE53E-9DF6-49EC-8271-DABBF6AA2093}.Release|Any CPU.Build.0 = Release|Any CPU
		{696BE53E-9DF6-49EC-8271-DABBF6AA2093}.Release|x64.ActiveCfg = Release|Any CPU
		{696BE53E-9DF6-49EC-8271-DABBF6AA2093}.Release|x64.Build.0 = Release|Any CPU
		{696BE53E-9DF6-49EC-8271-DABBF6AA2093}.Release|x86.ActiveCfg = Release|Any CPU
		{696BE53E-9DF6-49EC-8271-DABBF6AA2093}.Release|x86.Build.0 = Release|Any CPU
		{89D986C3-0ABD-4D08-BF85-B795EAB575DF}.Debug|Any CPU.ActiveCfg = Debug|Any CPU
		{89D986C3-0ABD-4D08-BF85-B795EAB575DF}.Debug|Any CPU.Build.0 = Debug|Any CPU
		{89D986C3-0ABD-4D08-BF85-B795EAB575DF}.Debug|x64.ActiveCfg = Debug|Any CPU
		{89D986C3-0ABD-4D08-BF85-B795EAB575DF}.Debug|x64.Build.0 = Debug|Any CPU
		{89D986C3-0ABD-4D08-BF85-B795EAB575DF}.Debug|x86.ActiveCfg = Debug|Any CPU
		{89D986C3-0ABD-4D08-BF85-B795EAB575DF}.Debug|x86.Build.0 = Debug|Any CPU
		{89D986C3-0ABD-4D08-BF85-B795EAB575DF}.Release|Any CPU.ActiveCfg = Release|Any CPU
		{89D986C3-0ABD-4D08-BF85-B795EAB575DF}.Release|Any CPU.Build.0 = Release|Any CPU
		{89D986C3-0ABD-4D08-BF85-B795EAB575DF}.Release|x64.ActiveCfg = Release|Any CPU
		{89D986C3-0ABD-4D08-BF85-B795EAB575DF}.Release|x64.Build.0 = Release|Any CPU
		{89D986C3-0ABD-4D08-BF85-B795EAB575DF}.Release|x86.ActiveCfg = Release|Any CPU
		{89D986C3-0ABD-4D08-BF85-B795EAB575DF}.Release|x86.Build.0 = Release|Any CPU
		{178DBE19-6145-44CC-8086-88E040583461}.Debug|Any CPU.ActiveCfg = Debug|Any CPU
		{178DBE19-6145-44CC-8086-88E040583461}.Debug|Any CPU.Build.0 = Debug|Any CPU
		{178DBE19-6145-44CC-8086-88E040583461}.Debug|x64.ActiveCfg = Debug|Any CPU
		{178DBE19-6145-44CC-8086-88E040583461}.Debug|x64.Build.0 = Debug|Any CPU
		{178DBE19-6145-44CC-8086-88E040583461}.Debug|x86.ActiveCfg = Debug|Any CPU
		{178DBE19-6145-44CC-8086-88E040583461}.Debug|x86.Build.0 = Debug|Any CPU
		{178DBE19-6145-44CC-8086-88E040583461}.Release|Any CPU.ActiveCfg = Release|Any CPU
		{178DBE19-6145-44CC-8086-88E040583461}.Release|Any CPU.Build.0 = Release|Any CPU
		{178DBE19-6145-44CC-8086-88E040583461}.Release|x64.ActiveCfg = Release|Any CPU
		{178DBE19-6145-44CC-8086-88E040583461}.Release|x64.Build.0 = Release|Any CPU
		{178DBE19-6145-44CC-8086-88E040583461}.Release|x86.ActiveCfg = Release|Any CPU
		{178DBE19-6145-44CC-8086-88E040583461}.Release|x86.Build.0 = Release|Any CPU
		{92A77FBA-CD02-4239-A0A5-30649F720C53}.Debug|Any CPU.ActiveCfg = Debug|Any CPU
		{92A77FBA-CD02-4239-A0A5-30649F720C53}.Debug|Any CPU.Build.0 = Debug|Any CPU
		{92A77FBA-CD02-4239-A0A5-30649F720C53}.Debug|x64.ActiveCfg = Debug|Any CPU
		{92A77FBA-CD02-4239-A0A5-30649F720C53}.Debug|x64.Build.0 = Debug|Any CPU
		{92A77FBA-CD02-4239-A0A5-30649F720C53}.Debug|x86.ActiveCfg = Debug|Any CPU
		{92A77FBA-CD02-4239-A0A5-30649F720C53}.Debug|x86.Build.0 = Debug|Any CPU
		{92A77FBA-CD02-4239-A0A5-30649F720C53}.Release|Any CPU.ActiveCfg = Release|Any CPU
		{92A77FBA-CD02-4239-A0A5-30649F720C53}.Release|Any CPU.Build.0 = Release|Any CPU
		{92A77FBA-CD02-4239-A0A5-30649F720C53}.Release|x64.ActiveCfg = Release|Any CPU
		{92A77FBA-CD02-4239-A0A5-30649F720C53}.Release|x64.Build.0 = Release|Any CPU
		{92A77FBA-CD02-4239-A0A5-30649F720C53}.Release|x86.ActiveCfg = Release|Any CPU
		{92A77FBA-CD02-4239-A0A5-30649F720C53}.Release|x86.Build.0 = Release|Any CPU
		{0E637535-CA05-45E2-80A3-71B65CB68228}.Debug|Any CPU.ActiveCfg = Debug|Any CPU
		{0E637535-CA05-45E2-80A3-71B65CB68228}.Debug|Any CPU.Build.0 = Debug|Any CPU
		{0E637535-CA05-45E2-80A3-71B65CB68228}.Debug|x64.ActiveCfg = Debug|Any CPU
		{0E637535-CA05-45E2-80A3-71B65CB68228}.Debug|x64.Build.0 = Debug|Any CPU
		{0E637535-CA05-45E2-80A3-71B65CB68228}.Debug|x86.ActiveCfg = Debug|Any CPU
		{0E637535-CA05-45E2-80A3-71B65CB68228}.Debug|x86.Build.0 = Debug|Any CPU
		{0E637535-CA05-45E2-80A3-71B65CB68228}.Release|Any CPU.ActiveCfg = Release|Any CPU
		{0E637535-CA05-45E2-80A3-71B65CB68228}.Release|Any CPU.Build.0 = Release|Any CPU
		{0E637535-CA05-45E2-80A3-71B65CB68228}.Release|x64.ActiveCfg = Release|Any CPU
		{0E637535-CA05-45E2-80A3-71B65CB68228}.Release|x64.Build.0 = Release|Any CPU
		{0E637535-CA05-45E2-80A3-71B65CB68228}.Release|x86.ActiveCfg = Release|Any CPU
		{0E637535-CA05-45E2-80A3-71B65CB68228}.Release|x86.Build.0 = Release|Any CPU
	EndGlobalSection
	GlobalSection(SolutionProperties) = preSolution
		HideSolutionNode = FALSE
	EndGlobalSection
	GlobalSection(NestedProjects) = preSolution
		{594E4178-0478-44BC-BE3E-A7506B6D46B3} = {06EA2040-5229-4616-A929-83C5D7DFD827}
		{5DE6B816-DF83-48B8-993F-B6331F694042} = {06EA2040-5229-4616-A929-83C5D7DFD827}
		{75304A6A-0785-449B-B692-0EA6090D0864} = {C3B24EC9-B1CC-47D6-87D4-5E2E6CE5B299}
		{58F790B7-301C-4056-B005-B6174F498F7F} = {C3B24EC9-B1CC-47D6-87D4-5E2E6CE5B299}
		{6BB2AAF9-25D1-4EC4-A9C1-88A5B15E6064} = {AEB04A33-C9BA-42D2-9F11-88C7BB3C3A3F}
		{0E44A043-F926-4072-9034-73C1366164FF} = {AEB04A33-C9BA-42D2-9F11-88C7BB3C3A3F}
		{4176772D-E51D-4330-8F4E-748F64D02B0D} = {AEB04A33-C9BA-42D2-9F11-88C7BB3C3A3F}
		{16F0A2B9-9AE8-4381-8BA3-EE8207328BA1} = {B16C1A3F-45F5-4D8D-9A8A-F6FF40DDF14B}
		{7DB9DB45-01F9-48E9-AD8D-21A441597DB7} = {B16C1A3F-45F5-4D8D-9A8A-F6FF40DDF14B}
		{696BE53E-9DF6-49EC-8271-DABBF6AA2093} = {B16C1A3F-45F5-4D8D-9A8A-F6FF40DDF14B}
		{89D986C3-0ABD-4D08-BF85-B795EAB575DF} = {DF247488-F6CC-4727-9E7B-9C30C42E0EA5}
		{178DBE19-6145-44CC-8086-88E040583461} = {DF247488-F6CC-4727-9E7B-9C30C42E0EA5}
		{92A77FBA-CD02-4239-A0A5-30649F720C53} = {DF247488-F6CC-4727-9E7B-9C30C42E0EA5}
		{0E637535-CA05-45E2-80A3-71B65CB68228} = {102A426C-EB79-4034-8040-493E57C98FC9}
	EndGlobalSection
	GlobalSection(ExtensibilityGlobals) = postSolution
		SolutionGuid = {34DCE8D1-1B62-448F-8E65-4E63F48C5893}
	EndGlobalSection
EndGlobal
